
Microsoft Visual Studio Solution File, Format Version 11.00
# Visual Studio 2010
Project("{8BC9CEB8-8B4A-11D0-8D11-00A0C91BC942}") = "Rhesus.Messenger", "Rhesus.Messenger\Rhesus.Messenger.vcxproj", "{58C2E1F0-7D57-45DA-8509-F9AD4464FC00}"
EndProject
Global
	GlobalSection(SolutionConfigurationPlatforms) = preSolution
		Debug|Win32 = Debug|Win32
		Release|Win32 = Release|Win32
	EndGlobalSection
	GlobalSection(ProjectConfigurationPlatforms) = postSolution
		{58C2E1F0-7D57-45DA-8509-F9AD4464FC00}.Debug|Win32.ActiveCfg = Debug|Win32
		{58C2E1F0-7D57-45DA-8509-F9AD4464FC00}.Debug|Win32.Build.0 = Debug|Win32
		{58C2E1F0-7D57-45DA-8509-F9AD4464FC00}.Release|Win32.ActiveCfg = Release|Win32
		{58C2E1F0-7D57-45DA-8509-F9AD4464FC00}.Release|Win32.Build.0 = Release|Win32
	EndGlobalSection
	GlobalSection(SolutionProperties) = preSolution
		HideSolutionNode = FALSE
	EndGlobalSection
EndGlobal
