
Microsoft Visual Studio Solution File, Format Version 11.00
# Visual Studio 2010
Project("{FAE04EC0-301F-11D3-BF4B-00C04F79EFBC}") = "Dashboard", "Dashboard\Dashboard\Dashboard.csproj", "{045931A2-AC34-4597-81E4-452013C6ECF6}"
EndProject
Project("{FAE04EC0-301F-11D3-BF4B-00C04F79EFBC}") = "DashboardContent", "Dashboard\DashboardContent\DashboardContent.contentproj", "{D027B8C3-6135-496C-8548-C917EC610D1D}"
EndProject
Project("{FAE04EC0-301F-11D3-BF4B-00C04F79EFBC}") = "RhesusNet.NET", "RhesusNet.NET\RhesusNet.NET.csproj", "{6298D059-DE06-4061-8F5C-D92956606A52}"
EndProject
Project("{FAE04EC0-301F-11D3-BF4B-00C04F79EFBC}") = "MockRobot", "MockRobot\MockRobot.csproj", "{8AD07DF4-75C2-4597-A3EA-89F255C2B444}"
EndProject
Project("{FAE04EC0-301F-11D3-BF4B-00C04F79EFBC}") = "Controls", "Controls\Controls.csproj", "{9C8328B3-97FC-4F39-A1BC-6DC4A1730C26}"
EndProject
Project("{FAE04EC0-301F-11D3-BF4B-00C04F79EFBC}") = "Content", "Controls\Content\Content.contentproj", "{35AFC410-C882-4EF4-8CE0-C53C2C712B0C}"
EndProject
Project("{FAE04EC0-301F-11D3-BF4B-00C04F79EFBC}") = "LayoutContract", "LayoutContract\LayoutContract.csproj", "{C42C443A-9180-46BB-9CB6-0C16C7C616CF}"
EndProject
Project("{FAE04EC0-301F-11D3-BF4B-00C04F79EFBC}") = "Dashboard.Library", "Dashboard.Library\Dashboard.Library.csproj", "{EBBAF2B6-4C65-4606-997A-4EA097DEDF55}"
EndProject
Project("{FAE04EC0-301F-11D3-BF4B-00C04F79EFBC}") = "SampleLayout", "SampleLayout\SampleLayout.csproj", "{950FD8C8-D966-4609-B043-9DB28CC260C1}"
EndProject
Project("{FAE04EC0-301F-11D3-BF4B-00C04F79EFBC}") = "LRT14", "LRT14\LRT14.csproj", "{8C679CE3-8198-4A4C-BDDD-FA587B5A7335}"
EndProject
Project("{FAE04EC0-301F-11D3-BF4B-00C04F79EFBC}") = "MockLRT14", "MockLRT14\MockLRT14.csproj", "{97752C9A-2FDD-4CAC-9AE8-1F44984ED92A}"
EndProject
Project("{FAE04EC0-301F-11D3-BF4B-00C04F79EFBC}") = "Skins", "Skins\Skins.csproj", "{08359DE3-F4BF-4298-859C-88A153495D35}"
EndProject
Project("{FAE04EC0-301F-11D3-BF4B-00C04F79EFBC}") = "SkinsContent", "Skins\Content\SkinsContent.contentproj", "{ACB15DB5-8FC1-410D-8A07-9C2EE20A42ED}"
EndProject
Project("{FAE04EC0-301F-11D3-BF4B-00C04F79EFBC}") = "Importers", "Importers\Importers.csproj", "{8ED9B288-C739-4A73-A0A3-0382587B771D}"
EndProject
Project("{FAE04EC0-301F-11D3-BF4B-00C04F79EFBC}") = "LRT14_Test", "LRT14_Test\LRT14_Test.csproj", "{12111F1A-4670-435A-837C-AE7DCE55F9EC}"
EndProject
Global
	GlobalSection(SolutionConfigurationPlatforms) = preSolution
		Debug|Any CPU = Debug|Any CPU
		Debug|Mixed Platforms = Debug|Mixed Platforms
		Debug|x86 = Debug|x86
		Debug|Xbox 360 = Debug|Xbox 360
		Debug|Zune = Debug|Zune
		Release|Any CPU = Release|Any CPU
		Release|Mixed Platforms = Release|Mixed Platforms
		Release|x86 = Release|x86
		Release|Xbox 360 = Release|Xbox 360
		Release|Zune = Release|Zune
	EndGlobalSection
	GlobalSection(ProjectConfigurationPlatforms) = postSolution
		{045931A2-AC34-4597-81E4-452013C6ECF6}.Debug|Any CPU.ActiveCfg = Debug|x86
		{045931A2-AC34-4597-81E4-452013C6ECF6}.Debug|Mixed Platforms.ActiveCfg = Debug|x86
		{045931A2-AC34-4597-81E4-452013C6ECF6}.Debug|Mixed Platforms.Build.0 = Debug|x86
		{045931A2-AC34-4597-81E4-452013C6ECF6}.Debug|x86.ActiveCfg = Debug|x86
		{045931A2-AC34-4597-81E4-452013C6ECF6}.Debug|x86.Build.0 = Debug|x86
		{045931A2-AC34-4597-81E4-452013C6ECF6}.Debug|Xbox 360.ActiveCfg = Debug|x86
		{045931A2-AC34-4597-81E4-452013C6ECF6}.Debug|Zune.ActiveCfg = Debug|x86
		{045931A2-AC34-4597-81E4-452013C6ECF6}.Release|Any CPU.ActiveCfg = Release|x86
		{045931A2-AC34-4597-81E4-452013C6ECF6}.Release|Mixed Platforms.ActiveCfg = Release|x86
		{045931A2-AC34-4597-81E4-452013C6ECF6}.Release|Mixed Platforms.Build.0 = Release|x86
		{045931A2-AC34-4597-81E4-452013C6ECF6}.Release|x86.ActiveCfg = Release|x86
		{045931A2-AC34-4597-81E4-452013C6ECF6}.Release|x86.Build.0 = Release|x86
		{045931A2-AC34-4597-81E4-452013C6ECF6}.Release|Xbox 360.ActiveCfg = Release|x86
		{045931A2-AC34-4597-81E4-452013C6ECF6}.Release|Zune.ActiveCfg = Release|x86
		{D027B8C3-6135-496C-8548-C917EC610D1D}.Debug|Any CPU.ActiveCfg = Debug|x86
		{D027B8C3-6135-496C-8548-C917EC610D1D}.Debug|Mixed Platforms.ActiveCfg = Debug|x86
		{D027B8C3-6135-496C-8548-C917EC610D1D}.Debug|x86.ActiveCfg = Debug|x86
		{D027B8C3-6135-496C-8548-C917EC610D1D}.Debug|Xbox 360.ActiveCfg = Debug|x86
		{D027B8C3-6135-496C-8548-C917EC610D1D}.Debug|Zune.ActiveCfg = Debug|x86
		{D027B8C3-6135-496C-8548-C917EC610D1D}.Release|Any CPU.ActiveCfg = Release|x86
		{D027B8C3-6135-496C-8548-C917EC610D1D}.Release|Mixed Platforms.ActiveCfg = Release|x86
		{D027B8C3-6135-496C-8548-C917EC610D1D}.Release|x86.ActiveCfg = Release|x86
		{D027B8C3-6135-496C-8548-C917EC610D1D}.Release|Xbox 360.ActiveCfg = Release|x86
		{D027B8C3-6135-496C-8548-C917EC610D1D}.Release|Zune.ActiveCfg = Release|x86
		{6298D059-DE06-4061-8F5C-D92956606A52}.Debug|Any CPU.ActiveCfg = Debug|Any CPU
		{6298D059-DE06-4061-8F5C-D92956606A52}.Debug|Any CPU.Build.0 = Debug|Any CPU
		{6298D059-DE06-4061-8F5C-D92956606A52}.Debug|Mixed Platforms.ActiveCfg = Debug|Any CPU
		{6298D059-DE06-4061-8F5C-D92956606A52}.Debug|Mixed Platforms.Build.0 = Debug|Any CPU
		{6298D059-DE06-4061-8F5C-D92956606A52}.Debug|x86.ActiveCfg = Debug|Any CPU
		{6298D059-DE06-4061-8F5C-D92956606A52}.Debug|Xbox 360.ActiveCfg = Debug|Any CPU
		{6298D059-DE06-4061-8F5C-D92956606A52}.Debug|Zune.ActiveCfg = Debug|Any CPU
		{6298D059-DE06-4061-8F5C-D92956606A52}.Release|Any CPU.ActiveCfg = Release|Any CPU
		{6298D059-DE06-4061-8F5C-D92956606A52}.Release|Any CPU.Build.0 = Release|Any CPU
		{6298D059-DE06-4061-8F5C-D92956606A52}.Release|Mixed Platforms.ActiveCfg = Release|Any CPU
		{6298D059-DE06-4061-8F5C-D92956606A52}.Release|Mixed Platforms.Build.0 = Release|Any CPU
		{6298D059-DE06-4061-8F5C-D92956606A52}.Release|x86.ActiveCfg = Release|Any CPU
		{6298D059-DE06-4061-8F5C-D92956606A52}.Release|Xbox 360.ActiveCfg = Release|Any CPU
		{6298D059-DE06-4061-8F5C-D92956606A52}.Release|Zune.ActiveCfg = Release|Any CPU
		{8AD07DF4-75C2-4597-A3EA-89F255C2B444}.Debug|Any CPU.ActiveCfg = Debug|x86
		{8AD07DF4-75C2-4597-A3EA-89F255C2B444}.Debug|Mixed Platforms.ActiveCfg = Debug|x86
		{8AD07DF4-75C2-4597-A3EA-89F255C2B444}.Debug|Mixed Platforms.Build.0 = Debug|x86
		{8AD07DF4-75C2-4597-A3EA-89F255C2B444}.Debug|x86.ActiveCfg = Debug|x86
		{8AD07DF4-75C2-4597-A3EA-89F255C2B444}.Debug|x86.Build.0 = Debug|x86
		{8AD07DF4-75C2-4597-A3EA-89F255C2B444}.Debug|Xbox 360.ActiveCfg = Debug|x86
		{8AD07DF4-75C2-4597-A3EA-89F255C2B444}.Debug|Zune.ActiveCfg = Debug|x86
		{8AD07DF4-75C2-4597-A3EA-89F255C2B444}.Release|Any CPU.ActiveCfg = Release|x86
		{8AD07DF4-75C2-4597-A3EA-89F255C2B444}.Release|Mixed Platforms.ActiveCfg = Release|x86
		{8AD07DF4-75C2-4597-A3EA-89F255C2B444}.Release|Mixed Platforms.Build.0 = Release|x86
		{8AD07DF4-75C2-4597-A3EA-89F255C2B444}.Release|x86.ActiveCfg = Release|x86
		{8AD07DF4-75C2-4597-A3EA-89F255C2B444}.Release|x86.Build.0 = Release|x86
		{8AD07DF4-75C2-4597-A3EA-89F255C2B444}.Release|Xbox 360.ActiveCfg = Release|x86
		{8AD07DF4-75C2-4597-A3EA-89F255C2B444}.Release|Zune.ActiveCfg = Release|x86
		{9C8328B3-97FC-4F39-A1BC-6DC4A1730C26}.Debug|Any CPU.ActiveCfg = Debug|x86
		{9C8328B3-97FC-4F39-A1BC-6DC4A1730C26}.Debug|Mixed Platforms.ActiveCfg = Debug|x86
		{9C8328B3-97FC-4F39-A1BC-6DC4A1730C26}.Debug|Mixed Platforms.Build.0 = Debug|x86
		{9C8328B3-97FC-4F39-A1BC-6DC4A1730C26}.Debug|x86.ActiveCfg = Debug|x86
		{9C8328B3-97FC-4F39-A1BC-6DC4A1730C26}.Debug|x86.Build.0 = Debug|x86
		{9C8328B3-97FC-4F39-A1BC-6DC4A1730C26}.Debug|Xbox 360.ActiveCfg = Debug|x86
		{9C8328B3-97FC-4F39-A1BC-6DC4A1730C26}.Debug|Zune.ActiveCfg = Debug|x86
		{9C8328B3-97FC-4F39-A1BC-6DC4A1730C26}.Release|Any CPU.ActiveCfg = Release|x86
		{9C8328B3-97FC-4F39-A1BC-6DC4A1730C26}.Release|Mixed Platforms.ActiveCfg = Release|x86
		{9C8328B3-97FC-4F39-A1BC-6DC4A1730C26}.Release|Mixed Platforms.Build.0 = Release|x86
		{9C8328B3-97FC-4F39-A1BC-6DC4A1730C26}.Release|x86.ActiveCfg = Release|x86
		{9C8328B3-97FC-4F39-A1BC-6DC4A1730C26}.Release|x86.Build.0 = Release|x86
		{9C8328B3-97FC-4F39-A1BC-6DC4A1730C26}.Release|Xbox 360.ActiveCfg = Release|x86
		{9C8328B3-97FC-4F39-A1BC-6DC4A1730C26}.Release|Zune.ActiveCfg = Release|x86
		{35AFC410-C882-4EF4-8CE0-C53C2C712B0C}.Debug|Any CPU.ActiveCfg = Debug|x86
		{35AFC410-C882-4EF4-8CE0-C53C2C712B0C}.Debug|Mixed Platforms.ActiveCfg = Debug|x86
		{35AFC410-C882-4EF4-8CE0-C53C2C712B0C}.Debug|x86.ActiveCfg = Debug|x86
		{35AFC410-C882-4EF4-8CE0-C53C2C712B0C}.Debug|Xbox 360.ActiveCfg = Debug|x86
		{35AFC410-C882-4EF4-8CE0-C53C2C712B0C}.Debug|Zune.ActiveCfg = Debug|x86
		{35AFC410-C882-4EF4-8CE0-C53C2C712B0C}.Release|Any CPU.ActiveCfg = Release|x86
		{35AFC410-C882-4EF4-8CE0-C53C2C712B0C}.Release|Mixed Platforms.ActiveCfg = Release|x86
		{35AFC410-C882-4EF4-8CE0-C53C2C712B0C}.Release|x86.ActiveCfg = Release|x86
		{35AFC410-C882-4EF4-8CE0-C53C2C712B0C}.Release|Xbox 360.ActiveCfg = Release|x86
		{35AFC410-C882-4EF4-8CE0-C53C2C712B0C}.Release|Zune.ActiveCfg = Release|x86
		{C42C443A-9180-46BB-9CB6-0C16C7C616CF}.Debug|Any CPU.ActiveCfg = Debug|Any CPU
		{C42C443A-9180-46BB-9CB6-0C16C7C616CF}.Debug|Any CPU.Build.0 = Debug|Any CPU
		{C42C443A-9180-46BB-9CB6-0C16C7C616CF}.Debug|Mixed Platforms.ActiveCfg = Debug|Any CPU
		{C42C443A-9180-46BB-9CB6-0C16C7C616CF}.Debug|Mixed Platforms.Build.0 = Debug|Any CPU
		{C42C443A-9180-46BB-9CB6-0C16C7C616CF}.Debug|x86.ActiveCfg = Debug|Any CPU
		{C42C443A-9180-46BB-9CB6-0C16C7C616CF}.Debug|Xbox 360.ActiveCfg = Debug|Any CPU
		{C42C443A-9180-46BB-9CB6-0C16C7C616CF}.Debug|Zune.ActiveCfg = Debug|Any CPU
		{C42C443A-9180-46BB-9CB6-0C16C7C616CF}.Release|Any CPU.ActiveCfg = Release|Any CPU
		{C42C443A-9180-46BB-9CB6-0C16C7C616CF}.Release|Any CPU.Build.0 = Release|Any CPU
		{C42C443A-9180-46BB-9CB6-0C16C7C616CF}.Release|Mixed Platforms.ActiveCfg = Release|Any CPU
		{C42C443A-9180-46BB-9CB6-0C16C7C616CF}.Release|Mixed Platforms.Build.0 = Release|Any CPU
		{C42C443A-9180-46BB-9CB6-0C16C7C616CF}.Release|x86.ActiveCfg = Release|Any CPU
		{C42C443A-9180-46BB-9CB6-0C16C7C616CF}.Release|Xbox 360.ActiveCfg = Release|Any CPU
		{C42C443A-9180-46BB-9CB6-0C16C7C616CF}.Release|Zune.ActiveCfg = Release|Any CPU
		{EBBAF2B6-4C65-4606-997A-4EA097DEDF55}.Debug|Any CPU.ActiveCfg = Debug|Any CPU
		{EBBAF2B6-4C65-4606-997A-4EA097DEDF55}.Debug|Any CPU.Build.0 = Debug|Any CPU
		{EBBAF2B6-4C65-4606-997A-4EA097DEDF55}.Debug|Mixed Platforms.ActiveCfg = Debug|Any CPU
		{EBBAF2B6-4C65-4606-997A-4EA097DEDF55}.Debug|Mixed Platforms.Build.0 = Debug|Any CPU
		{EBBAF2B6-4C65-4606-997A-4EA097DEDF55}.Debug|x86.ActiveCfg = Debug|Any CPU
		{EBBAF2B6-4C65-4606-997A-4EA097DEDF55}.Debug|Xbox 360.ActiveCfg = Debug|Any CPU
		{EBBAF2B6-4C65-4606-997A-4EA097DEDF55}.Debug|Zune.ActiveCfg = Debug|Any CPU
		{EBBAF2B6-4C65-4606-997A-4EA097DEDF55}.Release|Any CPU.ActiveCfg = Release|Any CPU
		{EBBAF2B6-4C65-4606-997A-4EA097DEDF55}.Release|Any CPU.Build.0 = Release|Any CPU
		{EBBAF2B6-4C65-4606-997A-4EA097DEDF55}.Release|Mixed Platforms.ActiveCfg = Release|Any CPU
		{EBBAF2B6-4C65-4606-997A-4EA097DEDF55}.Release|Mixed Platforms.Build.0 = Release|Any CPU
		{EBBAF2B6-4C65-4606-997A-4EA097DEDF55}.Release|x86.ActiveCfg = Release|Any CPU
		{EBBAF2B6-4C65-4606-997A-4EA097DEDF55}.Release|Xbox 360.ActiveCfg = Release|Any CPU
		{EBBAF2B6-4C65-4606-997A-4EA097DEDF55}.Release|Zune.ActiveCfg = Release|Any CPU
		{950FD8C8-D966-4609-B043-9DB28CC260C1}.Debug|Any CPU.ActiveCfg = Debug|Any CPU
		{950FD8C8-D966-4609-B043-9DB28CC260C1}.Debug|Any CPU.Build.0 = Debug|Any CPU
		{950FD8C8-D966-4609-B043-9DB28CC260C1}.Debug|Mixed Platforms.ActiveCfg = Debug|Any CPU
		{950FD8C8-D966-4609-B043-9DB28CC260C1}.Debug|Mixed Platforms.Build.0 = Debug|Any CPU
		{950FD8C8-D966-4609-B043-9DB28CC260C1}.Debug|x86.ActiveCfg = Debug|Any CPU
		{950FD8C8-D966-4609-B043-9DB28CC260C1}.Debug|Xbox 360.ActiveCfg = Debug|Any CPU
		{950FD8C8-D966-4609-B043-9DB28CC260C1}.Debug|Zune.ActiveCfg = Debug|Any CPU
		{950FD8C8-D966-4609-B043-9DB28CC260C1}.Release|Any CPU.ActiveCfg = Release|Any CPU
		{950FD8C8-D966-4609-B043-9DB28CC260C1}.Release|Any CPU.Build.0 = Release|Any CPU
		{950FD8C8-D966-4609-B043-9DB28CC260C1}.Release|Mixed Platforms.ActiveCfg = Release|Any CPU
		{950FD8C8-D966-4609-B043-9DB28CC260C1}.Release|Mixed Platforms.Build.0 = Release|Any CPU
		{950FD8C8-D966-4609-B043-9DB28CC260C1}.Release|x86.ActiveCfg = Release|Any CPU
		{950FD8C8-D966-4609-B043-9DB28CC260C1}.Release|Xbox 360.ActiveCfg = Release|Any CPU
		{950FD8C8-D966-4609-B043-9DB28CC260C1}.Release|Zune.ActiveCfg = Release|Any CPU
		{8C679CE3-8198-4A4C-BDDD-FA587B5A7335}.Debug|Any CPU.ActiveCfg = Debug|Any CPU
		{8C679CE3-8198-4A4C-BDDD-FA587B5A7335}.Debug|Any CPU.Build.0 = Debug|Any CPU
		{8C679CE3-8198-4A4C-BDDD-FA587B5A7335}.Debug|Mixed Platforms.ActiveCfg = Debug|Any CPU
		{8C679CE3-8198-4A4C-BDDD-FA587B5A7335}.Debug|Mixed Platforms.Build.0 = Debug|Any CPU
		{8C679CE3-8198-4A4C-BDDD-FA587B5A7335}.Debug|x86.ActiveCfg = Debug|Any CPU
		{8C679CE3-8198-4A4C-BDDD-FA587B5A7335}.Debug|Xbox 360.ActiveCfg = Debug|Any CPU
		{8C679CE3-8198-4A4C-BDDD-FA587B5A7335}.Debug|Zune.ActiveCfg = Debug|Any CPU
		{8C679CE3-8198-4A4C-BDDD-FA587B5A7335}.Release|Any CPU.ActiveCfg = Release|Any CPU
		{8C679CE3-8198-4A4C-BDDD-FA587B5A7335}.Release|Any CPU.Build.0 = Release|Any CPU
		{8C679CE3-8198-4A4C-BDDD-FA587B5A7335}.Release|Mixed Platforms.ActiveCfg = Release|Any CPU
		{8C679CE3-8198-4A4C-BDDD-FA587B5A7335}.Release|Mixed Platforms.Build.0 = Release|Any CPU
		{8C679CE3-8198-4A4C-BDDD-FA587B5A7335}.Release|x86.ActiveCfg = Release|Any CPU
		{8C679CE3-8198-4A4C-BDDD-FA587B5A7335}.Release|Xbox 360.ActiveCfg = Release|Any CPU
		{8C679CE3-8198-4A4C-BDDD-FA587B5A7335}.Release|Zune.ActiveCfg = Release|Any CPU
		{97752C9A-2FDD-4CAC-9AE8-1F44984ED92A}.Debug|Any CPU.ActiveCfg = Debug|x86
		{97752C9A-2FDD-4CAC-9AE8-1F44984ED92A}.Debug|Mixed Platforms.ActiveCfg = Debug|x86
		{97752C9A-2FDD-4CAC-9AE8-1F44984ED92A}.Debug|Mixed Platforms.Build.0 = Debug|x86
		{97752C9A-2FDD-4CAC-9AE8-1F44984ED92A}.Debug|x86.ActiveCfg = Debug|x86
		{97752C9A-2FDD-4CAC-9AE8-1F44984ED92A}.Debug|x86.Build.0 = Debug|x86
		{97752C9A-2FDD-4CAC-9AE8-1F44984ED92A}.Debug|Xbox 360.ActiveCfg = Debug|x86
		{97752C9A-2FDD-4CAC-9AE8-1F44984ED92A}.Debug|Zune.ActiveCfg = Debug|x86
		{97752C9A-2FDD-4CAC-9AE8-1F44984ED92A}.Release|Any CPU.ActiveCfg = Release|x86
		{97752C9A-2FDD-4CAC-9AE8-1F44984ED92A}.Release|Mixed Platforms.ActiveCfg = Release|x86
		{97752C9A-2FDD-4CAC-9AE8-1F44984ED92A}.Release|Mixed Platforms.Build.0 = Release|x86
		{97752C9A-2FDD-4CAC-9AE8-1F44984ED92A}.Release|x86.ActiveCfg = Release|x86
		{97752C9A-2FDD-4CAC-9AE8-1F44984ED92A}.Release|x86.Build.0 = Release|x86
		{97752C9A-2FDD-4CAC-9AE8-1F44984ED92A}.Release|Xbox 360.ActiveCfg = Release|x86
		{97752C9A-2FDD-4CAC-9AE8-1F44984ED92A}.Release|Zune.ActiveCfg = Release|x86
		{08359DE3-F4BF-4298-859C-88A153495D35}.Debug|Any CPU.ActiveCfg = Debug|x86
		{08359DE3-F4BF-4298-859C-88A153495D35}.Debug|Mixed Platforms.ActiveCfg = Debug|x86
		{08359DE3-F4BF-4298-859C-88A153495D35}.Debug|Mixed Platforms.Build.0 = Debug|x86
		{08359DE3-F4BF-4298-859C-88A153495D35}.Debug|x86.ActiveCfg = Debug|x86
		{08359DE3-F4BF-4298-859C-88A153495D35}.Debug|x86.Build.0 = Debug|x86
		{08359DE3-F4BF-4298-859C-88A153495D35}.Debug|Xbox 360.ActiveCfg = Debug|x86
		{08359DE3-F4BF-4298-859C-88A153495D35}.Debug|Zune.ActiveCfg = Debug|x86
		{08359DE3-F4BF-4298-859C-88A153495D35}.Release|Any CPU.ActiveCfg = Release|x86
		{08359DE3-F4BF-4298-859C-88A153495D35}.Release|Mixed Platforms.ActiveCfg = Release|x86
		{08359DE3-F4BF-4298-859C-88A153495D35}.Release|Mixed Platforms.Build.0 = Release|x86
		{08359DE3-F4BF-4298-859C-88A153495D35}.Release|x86.ActiveCfg = Release|x86
		{08359DE3-F4BF-4298-859C-88A153495D35}.Release|x86.Build.0 = Release|x86
		{08359DE3-F4BF-4298-859C-88A153495D35}.Release|Xbox 360.ActiveCfg = Release|x86
		{08359DE3-F4BF-4298-859C-88A153495D35}.Release|Zune.ActiveCfg = Release|x86
		{ACB15DB5-8FC1-410D-8A07-9C2EE20A42ED}.Debug|Any CPU.ActiveCfg = Debug|x86
		{ACB15DB5-8FC1-410D-8A07-9C2EE20A42ED}.Debug|Mixed Platforms.ActiveCfg = Debug|x86
		{ACB15DB5-8FC1-410D-8A07-9C2EE20A42ED}.Debug|x86.ActiveCfg = Debug|x86
		{ACB15DB5-8FC1-410D-8A07-9C2EE20A42ED}.Debug|Xbox 360.ActiveCfg = Debug|x86
		{ACB15DB5-8FC1-410D-8A07-9C2EE20A42ED}.Debug|Zune.ActiveCfg = Debug|x86
		{ACB15DB5-8FC1-410D-8A07-9C2EE20A42ED}.Release|Any CPU.ActiveCfg = Release|x86
		{ACB15DB5-8FC1-410D-8A07-9C2EE20A42ED}.Release|Mixed Platforms.ActiveCfg = Release|x86
		{ACB15DB5-8FC1-410D-8A07-9C2EE20A42ED}.Release|x86.ActiveCfg = Release|x86
		{ACB15DB5-8FC1-410D-8A07-9C2EE20A42ED}.Release|Xbox 360.ActiveCfg = Release|x86
		{ACB15DB5-8FC1-410D-8A07-9C2EE20A42ED}.Release|Zune.ActiveCfg = Release|x86
		{8ED9B288-C739-4A73-A0A3-0382587B771D}.Debug|Any CPU.ActiveCfg = Debug|Zune
		{8ED9B288-C739-4A73-A0A3-0382587B771D}.Debug|Any CPU.Build.0 = Debug|Zune
		{8ED9B288-C739-4A73-A0A3-0382587B771D}.Debug|Mixed Platforms.ActiveCfg = Debug|Zune
		{8ED9B288-C739-4A73-A0A3-0382587B771D}.Debug|Mixed Platforms.Build.0 = Debug|Zune
		{8ED9B288-C739-4A73-A0A3-0382587B771D}.Debug|x86.ActiveCfg = Debug|x86
		{8ED9B288-C739-4A73-A0A3-0382587B771D}.Debug|x86.Build.0 = Debug|x86
		{8ED9B288-C739-4A73-A0A3-0382587B771D}.Debug|Xbox 360.ActiveCfg = Debug|Xbox 360
		{8ED9B288-C739-4A73-A0A3-0382587B771D}.Debug|Xbox 360.Build.0 = Debug|Xbox 360
		{8ED9B288-C739-4A73-A0A3-0382587B771D}.Debug|Zune.ActiveCfg = Debug|Zune
		{8ED9B288-C739-4A73-A0A3-0382587B771D}.Debug|Zune.Build.0 = Debug|Zune
		{8ED9B288-C739-4A73-A0A3-0382587B771D}.Release|Any CPU.ActiveCfg = Release|Zune
		{8ED9B288-C739-4A73-A0A3-0382587B771D}.Release|Any CPU.Build.0 = Release|Zune
		{8ED9B288-C739-4A73-A0A3-0382587B771D}.Release|Mixed Platforms.ActiveCfg = Release|Zune
		{8ED9B288-C739-4A73-A0A3-0382587B771D}.Release|Mixed Platforms.Build.0 = Release|Zune
		{8ED9B288-C739-4A73-A0A3-0382587B771D}.Release|x86.ActiveCfg = Release|x86
		{8ED9B288-C739-4A73-A0A3-0382587B771D}.Release|x86.Build.0 = Release|x86
		{8ED9B288-C739-4A73-A0A3-0382587B771D}.Release|Xbox 360.ActiveCfg = Release|Xbox 360
		{8ED9B288-C739-4A73-A0A3-0382587B771D}.Release|Xbox 360.Build.0 = Release|Xbox 360
		{8ED9B288-C739-4A73-A0A3-0382587B771D}.Release|Zune.ActiveCfg = Release|Zune
		{8ED9B288-C739-4A73-A0A3-0382587B771D}.Release|Zune.Build.0 = Release|Zune
		{12111F1A-4670-435A-837C-AE7DCE55F9EC}.Debug|Any CPU.ActiveCfg = Debug|x86
		{12111F1A-4670-435A-837C-AE7DCE55F9EC}.Debug|Mixed Platforms.ActiveCfg = Debug|x86
		{12111F1A-4670-435A-837C-AE7DCE55F9EC}.Debug|Mixed Platforms.Build.0 = Debug|x86
		{12111F1A-4670-435A-837C-AE7DCE55F9EC}.Debug|x86.ActiveCfg = Debug|x86
		{12111F1A-4670-435A-837C-AE7DCE55F9EC}.Debug|x86.Build.0 = Debug|x86
		{12111F1A-4670-435A-837C-AE7DCE55F9EC}.Debug|Xbox 360.ActiveCfg = Debug|x86
		{12111F1A-4670-435A-837C-AE7DCE55F9EC}.Debug|Zune.ActiveCfg = Debug|x86
		{12111F1A-4670-435A-837C-AE7DCE55F9EC}.Release|Any CPU.ActiveCfg = Release|x86
		{12111F1A-4670-435A-837C-AE7DCE55F9EC}.Release|Mixed Platforms.ActiveCfg = Release|x86
		{12111F1A-4670-435A-837C-AE7DCE55F9EC}.Release|Mixed Platforms.Build.0 = Release|x86
		{12111F1A-4670-435A-837C-AE7DCE55F9EC}.Release|x86.ActiveCfg = Release|x86
		{12111F1A-4670-435A-837C-AE7DCE55F9EC}.Release|x86.Build.0 = Release|x86
		{12111F1A-4670-435A-837C-AE7DCE55F9EC}.Release|Xbox 360.ActiveCfg = Release|x86
		{12111F1A-4670-435A-837C-AE7DCE55F9EC}.Release|Zune.ActiveCfg = Release|x86
	EndGlobalSection
	GlobalSection(SolutionProperties) = preSolution
		HideSolutionNode = FALSE
	EndGlobalSection
EndGlobal
